
Microsoft Visual Studio Solution File, Format Version 12.00
# Visual Studio Version 16
VisualStudioVersion = 16.0.30611.23
MinimumVisualStudioVersion = 10.0.40219.1
Project("{FAE04EC0-301F-11D3-BF4B-00C04F79EFBC}") = "Label_textbox_kullanimi", "Label_textbox_kullanimi\Label_textbox_kullanimi.csproj", "{18083192-DC22-4F27-9FAD-6B2C47F0BFA3}"
EndProject
Global
	GlobalSection(SolutionConfigurationPlatforms) = preSolution
		Debug|Any CPU = Debug|Any CPU
		Release|Any CPU = Release|Any CPU
	EndGlobalSection
	GlobalSection(ProjectConfigurationPlatforms) = postSolution
		{18083192-DC22-4F27-9FAD-6B2C47F0BFA3}.Debug|Any CPU.ActiveCfg = Debug|Any CPU
		{18083192-DC22-4F27-9FAD-6B2C47F0BFA3}.Debug|Any CPU.Build.0 = Debug|Any CPU
		{18083192-DC22-4F27-9FAD-6B2C47F0BFA3}.Release|Any CPU.ActiveCfg = Release|Any CPU
		{18083192-DC22-4F27-9FAD-6B2C47F0BFA3}.Release|Any CPU.Build.0 = Release|Any CPU
	EndGlobalSection
	GlobalSection(SolutionProperties) = preSolution
		HideSolutionNode = FALSE
	EndGlobalSection
	GlobalSection(ExtensibilityGlobals) = postSolution
		SolutionGuid = {8014CC43-FA6D-406E-BAB9-7561FCCF6AF6}
	EndGlobalSection
EndGlobal
