
Microsoft Visual Studio Solution File, Format Version 12.00
# Visual Studio Version 16
VisualStudioVersion = 16.0.30611.23
MinimumVisualStudioVersion = 10.0.40219.1
Project("{FAE04EC0-301F-11D3-BF4B-00C04F79EFBC}") = "Login_Paneli", "Login_Paneli\Login_Paneli.csproj", "{B1BC5903-2BA7-4AA1-9FA4-0EA39BE0179C}"
EndProject
Global
	GlobalSection(SolutionConfigurationPlatforms) = preSolution
		Debug|Any CPU = Debug|Any CPU
		Release|Any CPU = Release|Any CPU
	EndGlobalSection
	GlobalSection(ProjectConfigurationPlatforms) = postSolution
		{B1BC5903-2BA7-4AA1-9FA4-0EA39BE0179C}.Debug|Any CPU.ActiveCfg = Debug|Any CPU
		{B1BC5903-2BA7-4AA1-9FA4-0EA39BE0179C}.Debug|Any CPU.Build.0 = Debug|Any CPU
		{B1BC5903-2BA7-4AA1-9FA4-0EA39BE0179C}.Release|Any CPU.ActiveCfg = Release|Any CPU
		{B1BC5903-2BA7-4AA1-9FA4-0EA39BE0179C}.Release|Any CPU.Build.0 = Release|Any CPU
	EndGlobalSection
	GlobalSection(SolutionProperties) = preSolution
		HideSolutionNode = FALSE
	EndGlobalSection
	GlobalSection(ExtensibilityGlobals) = postSolution
		SolutionGuid = {FAAD9A3A-5B06-4B0C-ADCB-41F0BFBBB0A1}
	EndGlobalSection
EndGlobal
